lockfileVersion: '6.0'

settings:
  autoInstallPeers: true
  excludeLinksFromLockfile: false

dependencies:
  '@slangroom/core':
    specifier: ^1.4.0
    version: 1.4.0
  '@slangroom/http':
    specifier: ^1.4.0
    version: 1.4.0
  dotenv:
    specifier: ^16.3.1
    version: 16.3.1

packages:

  /@chevrotain/cst-dts-gen@10.5.0:
    resolution: {integrity: sha512-lhmC/FyqQ2o7pGK4Om+hzuDrm9rhFYIJ/AXoQBeongmn870Xeb0L6oGEiuR8nohFNL5sMaQEJWCxr1oIVIVXrw==}
    dependencies:
      '@chevrotain/gast': 10.5.0
      '@chevrotain/types': 10.5.0
      lodash: 4.17.21
    dev: false

  /@chevrotain/gast@10.5.0:
    resolution: {integrity: sha512-pXdMJ9XeDAbgOWKuD1Fldz4ieCs6+nLNmyVhe2gZVqoO7v8HXuHYs5OV2EzUtbuai37TlOAQHrTDvxMnvMJz3A==}
    dependencies:
      '@chevrotain/types': 10.5.0
      lodash: 4.17.21
    dev: false

  /@chevrotain/types@10.5.0:
    resolution: {integrity: sha512-f1MAia0x/pAVPWH/T73BJVyO2XU5tI4/iE7cnxb7tqdNTNhQI3Uq3XkqcoteTmD4t1aM0LbHCJOhgIDn07kl2A==}
    dev: false

  /@chevrotain/utils@10.5.0:
    resolution: {integrity: sha512-hBzuU5+JjB2cqNZyszkDHZgOSrUUT8V3dhgRl8Q9Gp6dAj/H5+KILGjbhDpc3Iy9qmqlm/akuOI2ut9VUtzJxQ==}
    dev: false

  /@slangroom/core@1.4.0:
    resolution: {integrity: sha512-+qla686lf7q5XeXNgEL2RiJxGpfoJ3nPUWGLhdfJm8NvTnkpW416VZ30Ijf7Mp0VwKSCnL+wW3B+htPVPl+b2w==}
    dependencies:
      '@slangroom/deps': 1.3.1
      '@slangroom/ignored': 1.3.1
      '@slangroom/shared': 1.3.1
    dev: false

  /@slangroom/deps@1.3.1:
    resolution: {integrity: sha512-fN2dIm+ErEI8cZe6upTlCEvTo4g/4hF9dZyqN4MZf4MY/eE/42BIBOjk57S+NgQykVPZN4D5SZS5mpRfQCs94A==}
    dependencies:
      chevrotain: 10.5.0
      zenroom: 3.23.4
    dev: false

  /@slangroom/http@1.4.0:
    resolution: {integrity: sha512-tfAGhfKMVPuxT+d8kz/fvMMWPH9TF6f02M/qyi+mdPdcJAUho78xW02IiTAxWthZkKNxiCn5njTWrkAZci6/AA==}
    dependencies:
      '@slangroom/core': 1.4.0
      '@slangroom/deps': 1.3.1
      '@slangroom/shared': 1.3.1
      axios: 1.5.1
    transitivePeerDependencies:
      - debug
    dev: false

  /@slangroom/ignored@1.3.1:
    resolution: {integrity: sha512-YFxVXuDtA5gs1C97B6IG/Q0Q+gBjCWjjghVf5hcAjAae9Hm/8G16DVM7nhNnRHInq4xLFTg9HgU+DiMqrmkhZA==}
    dependencies:
      '@slangroom/deps': 1.3.1
      '@slangroom/shared': 1.3.1
    dev: false

  /@slangroom/shared@1.3.1:
    resolution: {integrity: sha512-8+hyxY59zqte7oGT5SMxNzOzr/LyXwn/SUKElxKFEd/aH9IPWf89PF9WZjilTKUcktjMKhF+PJ9pVApbYYpH0Q==}
    dependencies:
      '@slangroom/deps': 1.3.1
    dev: false

  /asynckit@0.4.0:
    resolution: {integrity: sha512-Oei9OH4tRh0YqU3GxhX79dM/mwVgvbZJaSNaRk+bshkj0S5cfHcgYakreBjrHwatXKbz+IoIdYLxrKim2MjW0Q==}
    dev: false

  /axios@1.5.1:
    resolution: {integrity: sha512-Q28iYCWzNHjAm+yEAot5QaAMxhMghWLFVf7rRdwhUI+c2jix2DUXjAHXVi+s1ibs3mjPO/cCgbA++3BjD0vP/A==}
    dependencies:
      follow-redirects: 1.15.3
      form-data: 4.0.0
      proxy-from-env: 1.1.0
    transitivePeerDependencies:
      - debug
    dev: false

  /chevrotain@10.5.0:
    resolution: {integrity: sha512-Pkv5rBY3+CsHOYfV5g/Vs5JY9WTHHDEKOlohI2XeygaZhUeqhAlldZ8Hz9cRmxu709bvS08YzxHdTPHhffc13A==}
    dependencies:
      '@chevrotain/cst-dts-gen': 10.5.0
      '@chevrotain/gast': 10.5.0
      '@chevrotain/types': 10.5.0
      '@chevrotain/utils': 10.5.0
      lodash: 4.17.21
      regexp-to-ast: 0.5.0
    dev: false

  /combined-stream@1.0.8:
    resolution: {integrity: sha512-FQN4MRfuJeHf7cBbBMJFXhKSDq+2kAArBlmRBvcvFE5BB1HZKXtSFASDhdlz9zOYwxh8lDdnvmMOe/+5cdoEdg==}
    engines: {node: '>= 0.8'}
    dependencies:
      delayed-stream: 1.0.0
    dev: false

  /delayed-stream@1.0.0:
    resolution: {integrity: sha512-ZySD7Nf91aLB0RxL4KGrKHBXl7Eds1DAmEdcoVawXnLD7SDhpNgtuII2aAkg7a7QS41jxPSZ17p4VdGnMHk3MQ==}
    engines: {node: '>=0.4.0'}
    dev: false

  /dotenv@16.3.1:
    resolution: {integrity: sha512-IPzF4w4/Rd94bA9imS68tZBaYyBWSCE47V1RGuMrB94iyTOIEwRmVL2x/4An+6mETpLrKJ5hQkB8W4kFAadeIQ==}
    engines: {node: '>=12'}
    dev: false

  /follow-redirects@1.15.3:
    resolution: {integrity: sha512-1VzOtuEM8pC9SFU1E+8KfTjZyMztRsgEfwQl44z8A25uy13jSzTj6dyK2Df52iV0vgHCfBwLhDWevLn95w5v6Q==}
    engines: {node: '>=4.0'}
    peerDependencies:
      debug: '*'
    peerDependenciesMeta:
      debug:
        optional: true
    dev: false

  /form-data@4.0.0:
    resolution: {integrity: sha512-ETEklSGi5t0QMZuiXoA/Q6vcnxcLQP5vdugSpuAyi6SVGi2clPPp+xgEhuMaHC+zGgn31Kd235W35f7Hykkaww==}
    engines: {node: '>= 6'}
    dependencies:
      asynckit: 0.4.0
      combined-stream: 1.0.8
      mime-types: 2.1.35
    dev: false

  /lodash@4.17.21:
    resolution: {integrity: sha512-v2kDEe57lecTulaDIuNTPy3Ry4gLGJ6Z1O3vE1krgXZNrsQ+LFTGHVxVjcXPs17LhbZVGedAJv8XZ1tvj5FvSg==}
    dev: false

  /mime-db@1.52.0:
    resolution: {integrity: sha512-sPU4uV7dYlvtWJxwwxHD0PuihVNiE7TyAbQ5SWxDCB9mUYvOgroQOwYQQOKPJ8CIbE+1ETVlOoK1UC2nU3gYvg==}
    engines: {node: '>= 0.6'}
    dev: false

  /mime-types@2.1.35:
    resolution: {integrity: sha512-ZDY+bPm5zTTF+YpCrAU9nK0UgICYPT0QtT1NZWFv4s++TNkcgVaT0g6+4R2uI4MjQjzysHB1zxuWL50hzaeXiw==}
    engines: {node: '>= 0.6'}
    dependencies:
      mime-db: 1.52.0
    dev: false

  /proxy-from-env@1.1.0:
    resolution: {integrity: sha512-D+zkORCbA9f1tdWRK0RaCR3GPv50cMxcrz4X8k5LTSUD1Dkw47mKJEZQNunItRTkWwgtaUSo1RVFRIG9ZXiFYg==}
    dev: false

  /regexp-to-ast@0.5.0:
    resolution: {integrity: sha512-tlbJqcMHnPKI9zSrystikWKwHkBqu2a/Sgw01h3zFjvYrMxEDYHzzoMZnUrbIfpTFEsoRnnviOXNCzFiSc54Qw==}
    dev: false

  /yarn@1.22.19:
    resolution: {integrity: sha512-/0V5q0WbslqnwP91tirOvldvYISzaqhClxzyUKXYxs07yUILIs5jx/k6CFe8bvKSkds5w+eiOqta39Wk3WxdcQ==}
    engines: {node: '>=4.0.0'}
    hasBin: true
    requiresBuild: true
    dev: false

  /zenroom@3.23.4:
    resolution: {integrity: sha512-ZcgLydUXqviQzmehQy2bnuQiuPEhRBAGSLZZN3YiaIQ4uo6e5RjG3/EiRDFJV5shiKH09fhhb8ci5ORbd4kcoQ==}
    dependencies:
      yarn: 1.22.19
    dev: false
